
Microsoft Visual Studio Solution File, Format Version 12.00
# Visual Studio Version 16
VisualStudioVersion = 16.0.30002.166
MinimumVisualStudioVersion = 10.0.40219.1
Project("{FAE04EC0-301F-11D3-BF4B-00C04F79EFBC}") = "Workforce-Silver-Snakes", "Workforce-Silver-Snakes\Workforce-Silver-Snakes.csproj", "{56550CD1-1C40-4B4F-B6F9-78BA96A3CA6F}"
EndProject
Global
	GlobalSection(SolutionConfigurationPlatforms) = preSolution
		Debug|Any CPU = Debug|Any CPU
		Release|Any CPU = Release|Any CPU
	EndGlobalSection
	GlobalSection(ProjectConfigurationPlatforms) = postSolution
		{56550CD1-1C40-4B4F-B6F9-78BA96A3CA6F}.Debug|Any CPU.ActiveCfg = Debug|Any CPU
		{56550CD1-1C40-4B4F-B6F9-78BA96A3CA6F}.Debug|Any CPU.Build.0 = Debug|Any CPU
		{56550CD1-1C40-4B4F-B6F9-78BA96A3CA6F}.Release|Any CPU.ActiveCfg = Release|Any CPU
		{56550CD1-1C40-4B4F-B6F9-78BA96A3CA6F}.Release|Any CPU.Build.0 = Release|Any CPU
	EndGlobalSection
	GlobalSection(SolutionProperties) = preSolution
		HideSolutionNode = FALSE
	EndGlobalSection
	GlobalSection(ExtensibilityGlobals) = postSolution
		SolutionGuid = {5471B100-0467-4193-B993-AABD8D9DE4DA}
	EndGlobalSection
EndGlobal
